// !$*UTF8*$!
{
	archiveVersion = 1;
	classes = {
	};
	objectVersion = 46;
	objects = {

/* Begin PBXBuildFile section */
		0CE0602D1C4AFF6B0020DC21 /* AppDelegate.swift in Sources */ = {isa = PBXBuildFile; fileRef = 0CE0602C1C4AFF6B0020DC21 /* AppDelegate.swift */; };
		0CE0602F1C4AFF6B0020DC21 /* WelcomeViewController.swift in Sources */ = {isa = PBXBuildFile; fileRef = 0CE0602E1C4AFF6B0020DC21 /* WelcomeViewController.swift */; };
		0CE060321C4AFF6B0020DC21 /* Main.storyboard in Resources */ = {isa = PBXBuildFile; fileRef = 0CE060301C4AFF6B0020DC21 /* Main.storyboard */; };
		0CE060341C4AFF6C0020DC21 /* Assets.xcassets in Resources */ = {isa = PBXBuildFile; fileRef = 0CE060331C4AFF6C0020DC21 /* Assets.xcassets */; };
		0CE060371C4AFF6C0020DC21 /* LaunchScreen.storyboard in Resources */ = {isa = PBXBuildFile; fileRef = 0CE060351C4AFF6C0020DC21 /* LaunchScreen.storyboard */; };
		0CE0603F1C4B00F40020DC21 /* LoginViewController.swift in Sources */ = {isa = PBXBuildFile; fileRef = 0CE0603E1C4B00F40020DC21 /* LoginViewController.swift */; };
/* End PBXBuildFile section */

/* Begin PBXFileReference section */
		0CE060291C4AFF6B0020DC21 /* JSONLogin.app */ = {isa = PBXFileReference; explicitFileType = wrapper.application; includeInIndex = 0; path = JSONLogin.app; sourceTree = BUILT_PRODUCTS_DIR; };
		0CE0602C1C4AFF6B0020DC21 /* AppDelegate.swift */ = {isa = PBXFileReference; lastKnownFileType = sourcecode.swift; path = AppDelegate.swift; sourceTree = "<group>"; };
		0CE0602E1C4AFF6B0020DC21 /* WelcomeViewController.swift */ = {isa = PBXFileReference; lastKnownFileType = sourcecode.swift; path = WelcomeViewController.swift; sourceTree = "<group>"; };
		0CE060311C4AFF6B0020DC21 /* Base */ = {isa = PBXFileReference; lastKnownFileType = file.storyboard; name = Base; path = Base.lproj/Main.storyboard; sourceTree = "<group>"; };
		0CE060331C4AFF6C0020DC21 /* Assets.xcassets */ = {isa = PBXFileReference; lastKnownFileType = folder.assetcatalog; path = Assets.xcassets; sourceTree = "<group>"; };
		0CE060361C4AFF6C0020DC21 /* Base */ = {isa = PBXFileReference; lastKnownFileType = file.storyboard; name = Base; path = Base.lproj/LaunchScreen.storyboard; sourceTree = "<group>"; };
		0CE060381C4AFF6C0020DC21 /* Info.plist */ = {isa = PBXFileReference; lastKnownFileType = text.plist.xml; path = Info.plist; sourceTree = "<group>"; };
		0CE0603E1C4B00F40020DC21 /* LoginViewController.swift */ = {isa = PBXFileReference; fileEncoding = 4; lastKnownFileType = sourcecode.swift; path = LoginViewController.swift; sourceTree = "<group>"; };
/* End PBXFileReference section */

/* Begin PBXFrameworksBuildPhase section */
		0CE060261C4AFF6B0020DC21 /* Frameworks */ = {
			isa = PBXFrameworksBuildPhase;
			buildActionMask = 2147483647;
			files = (
			);
			runOnlyForDeploymentPostprocessing = 0;
		};
/* End PBXFrameworksBuildPhase section */

/* Begin PBXGroup section */
		0CE060201C4AFF6B0020DC21 = {
			isa = PBXGroup;
			children = (
				0CE0602B1C4AFF6B0020DC21 /* JSONLogin */,
				0CE0602A1C4AFF6B0020DC21 /* Products */,
			);
			sourceTree = "<group>";
		};
		0CE0602A1C4AFF6B0020DC21 /* Products */ = {
			isa = PBXGroup;
			children = (
				0CE060291C4AFF6B0020DC21 /* JSONLogin.app */,
			);
			name = Products;
			sourceTree = "<group>";
		};
		0CE0602B1C4AFF6B0020DC21 /* JSONLogin */ = {
			isa = PBXGroup;
			children = (
				0CE0602C1C4AFF6B0020DC21 /* AppDelegate.swift */,
				0CE0602E1C4AFF6B0020DC21 /* WelcomeViewController.swift */,
				0CE060301C4AFF6B0020DC21 /* Main.storyboard */,
				0CE060331C4AFF6C0020DC21 /* Assets.xcassets */,
				0CE060351C4AFF6C0020DC21 /* LaunchScreen.storyboard */,
				0CE060381C4AFF6C0020DC21 /* Info.plist */,
				0CE0603E1C4B00F40020DC21 /* LoginViewController.swift */,
			);
			path = JSONLogin;
			sourceTree = "<group>";
		};
/* End PBXGroup section */

/* Begin PBXNativeTarget section */
		0CE060281C4AFF6B0020DC21 /* JSONLogin */ = {
			isa = PBXNativeTarget;
			buildConfigurationList = 0CE0603B1C4AFF6C0020DC21 /* Build configuration list for PBXNativeTarget "JSONLogin" */;
			buildPhases = (
				0CE060251C4AFF6B0020DC21 /* Sources */,
				0CE060261C4AFF6B0020DC21 /* Frameworks */,
				0CE060271C4AFF6B0020DC21 /* Resources */,
			);
			buildRules = (
			);
			dependencies = (
			);
			name = JSONLogin;
			productName = JSONLogin;
			productReference = 0CE060291C4AFF6B0020DC21 /* JSONLogin.app */;
			productType = "com.apple.product-type.application";
		};
/* End PBXNativeTarget section */

/* Begin PBXProject section */
		0CE060211C4AFF6B0020DC21 /* Project object */ = {
			isa = PBXProject;
			attributes = {
				LastSwiftUpdateCheck = 0710;
				LastUpgradeCheck = 0710;
				ORGANIZATIONNAME = "Empresas Disruptiva SPA";
				TargetAttributes = {
					0CE060281C4AFF6B0020DC21 = {
						CreatedOnToolsVersion = 7.1.1;
					};
				};
			};
			buildConfigurationList = 0CE060241C4AFF6B0020DC21 /* Build configuration list for PBXProject "JSONLogin" */;
			compatibilityVersion = "Xcode 3.2";
			developmentRegion = English;
			hasScannedForEncodings = 0;
			knownRegions = (
				en,
				Base,
			);
			mainGroup = 0CE060201C4AFF6B0020DC21;
			productRefGroup = 0CE0602A1C4AFF6B0020DC21 /* Products */;
			projectDirPath = "";
			projectRoot = "";
			targets = (
				0CE060281C4AFF6B0020DC21 /* JSONLogin */,
			);
		};
/* End PBXProject section */

/* Begin PBXResourcesBuildPhase section */
		0CE060271C4AFF6B0020DC21 /* Resources */ = {
			isa = PBXResourcesBuildPhase;
			buildActionMask = 2147483647;
			files = (
				0CE060371C4AFF6C0020DC21 /* LaunchScreen.storyboard in Resources */,
				0CE060341C4AFF6C0020DC21 /* Assets.xcassets in Resources */,
				0CE060321C4AFF6B0020DC21 /* Main.storyboard in Resources */,
			);
			runOnlyForDeploymentPostprocessing = 0;
		};
/* End PBXResourcesBuildPhase section */

/* Begin PBXSourcesBuildPhase section */
		0CE060251C4AFF6B0020DC21 /* Sources */ = {
			isa = PBXSourcesBuildPhase;
			buildActionMask = 2147483647;
			files = (
				0CE0603F1C4B00F40020DC21 /* LoginViewController.swift in Sources */,
				0CE0602F1C4AFF6B0020DC21 /* WelcomeViewController.swift in Sources */,
				0CE0602D1C4AFF6B0020DC21 /* AppDelegate.swift in Sources */,
			);
			runOnlyForDeploymentPostprocessing = 0;
		};
/* End PBXSourcesBuildPhase section */

/* Begin PBXVariantGroup section */
		0CE060301C4AFF6B0020DC21 /* Main.storyboard */ = {
			isa = PBXVariantGroup;
			children = (
				0CE060311C4AFF6B0020DC21 /* Base */,
			);
			name = Main.storyboard;
			sourceTree = "<group>";
		};
		0CE060351C4AFF6C0020DC21 /* LaunchScreen.storyboard */ = {
			isa = PBXVariantGroup;
			children = (
				0CE060361C4AFF6C0020DC21 /* Base */,
			);
			name = LaunchScreen.storyboard;
			sourceTree = "<group>";
		};
/* End PBXVariantGroup section */

/* Begin XCBuildConfiguration section */
		0CE060391C4AFF6C0020DC21 /* Debug */ = {
			isa = XCBuildConfiguration;
			buildSettings = {
				ALWAYS_SEARCH_USER_PATHS = NO;
				CLANG_CXX_LANGUAGE_STANDARD = "gnu++0x";
				CLANG_CXX_LIBRARY = "libc++";
				CLANG_ENABLE_MODULES = YES;
				CLANG_ENABLE_OBJC_ARC = YES;
				CLANG_WARN_BOOL_CONVERSION = YES;
				CLANG_WARN_CONSTANT_CONVERSION = YES;
				CLANG_WARN_DIRECT_OBJC_ISA_USAGE = YES_ERROR;
				CLANG_WARN_EMPTY_BODY = YES;
				CLANG_WARN_ENUM_CONVERSION = YES;
				CLANG_WARN_INT_CONVERSION = YES;
				CLANG_WARN_OBJC_ROOT_CLASS = YES_ERROR;
				CLANG_WARN_UNREACHABLE_CODE = YES;
				CLANG_WARN__DUPLICATE_METHOD_MATCH = YES;
				"CODE_SIGN_IDENTITY[sdk=iphoneos*]" = "iPhone Developer";
				COPY_PHASE_STRIP = NO;
				DEBUG_INFORMATION_FORMAT = dwarf;
				ENABLE_STRICT_OBJC_MSGSEND = YES;
				ENABLE_TESTABILITY = YES;
				GCC_C_LANGUAGE_STANDARD = gnu99;
				GCC_DYNAMIC_NO_PIC = NO;
				GCC_NO_COMMON_BLOCKS = YES;
				GCC_OPTIMIZATION_LEVEL = 0;
				GCC_PREPROCESSOR_DEFINITIONS = (
					"DEBUG=1",
					"$(inherited)",
				);
				GCC_WARN_64_TO_32_BIT_CONVERSION = YES;
				GCC_WARN_ABOUT_RETURN_TYPE = YES_ERROR;
				GCC_WARN_UNDECLARED_SELECTOR = YES;
				GCC_WARN_UNINITIALIZED_AUTOS = YES_AGGRESSIVE;
				GCC_WARN_UNUSED_FUNCTION = YES;
				GCC_WARN_UNUSED_VARIABLE = YES;
				IPHONEOS_DEPLOYMENT_TARGET = 9.1;
				MTL_ENABLE_DEBUG_INFO = YES;
				ONLY_ACTIVE_ARCH = YES;
				SDKROOT = iphoneos;
				SWIFT_OPTIMIZATION_LEVEL = "-Onone";
				TARGETED_DEVICE_FAMILY = "1,2";
			};
			name = Debug;
		};
		0CE0603A1C4AFF6C0020DC21 /* Release */ = {
			isa = XCBuildConfiguration;
			buildSettings = {
				ALWAYS_SEARCH_USER_PATHS = NO;
				CLANG_CXX_LANGUAGE_STANDARD = "gnu++0x";
				CLANG_CXX_LIBRARY = "libc++";
				CLANG_ENABLE_MODULES = YES;
				CLANG_ENABLE_OBJC_ARC = YES;
				CLANG_WARN_BOOL_CONVERSION = YES;
				CLANG_WARN_CONSTANT_CONVERSION = YES;
				CLANG_WARN_DIRECT_OBJC_ISA_USAGE = YES_ERROR;
				CLANG_WARN_EMPTY_BODY = YES;
				CLANG_WARN_ENUM_CONVERSION = YES;
				CLANG_WARN_INT_CONVERSION = YES;
				CLANG_WARN_OBJC_ROOT_CLASS = YES_ERROR;
				CLANG_WARN_UNREACHABLE_CODE = YES;
				CLANG_WARN__DUPLICATE_METHOD_MATCH = YES;
				"CODE_SIGN_IDENTITY[sdk=iphoneos*]" = "iPhone Developer";
				COPY_PHASE_STRIP = NO;
				DEBUG_INFORMATION_FORMAT = "dwarf-with-dsym";
				ENABLE_NS_ASSERTIONS = NO;
				ENABLE_STRICT_OBJC_MSGSEND = YES;
				GCC_C_LANGUAGE_STANDARD = gnu99;
				GCC_NO_COMMON_BLOCKS = YES;
				GCC_WARN_64_TO_32_BIT_CONVERSION = YES;
				GCC_WARN_ABOUT_RETURN_TYPE = YES_ERROR;
				GCC_WARN_UNDECLARED_SELECTOR = YES;
				GCC_WARN_UNINITIALIZED_AUTOS = YES_AGGRESSIVE;
				GCC_WARN_UNUSED_FUNCTION = YES;
				GCC_WARN_UNUSED_VARIABLE = YES;
				IPHONEOS_DEPLOYMENT_TARGET = 9.1;
				MTL_ENABLE_DEBUG_INFO = NO;
				SDKROOT = iphoneos;
				TARGETED_DEVICE_FAMILY = "1,2";
				VALIDATE_PRODUCT = YES;
			};
			name = Release;
		};
		0CE0603C1C4AFF6C0020DC21 /* Debug */ = {
			isa = XCBuildConfiguration;
			buildSettings = {
				ASSETCATALOG_COMPILER_APPICON_NAME = AppIcon;
				INFOPLIST_FILE = JSONLogin/Info.plist;
				LD_RUNPATH_SEARCH_PATHS = "$(inherited) @executable_path/Frameworks";
				PRODUCT_BUNDLE_IDENTIFIER = cl.EmpresasDisruptiva.JSONLogin;
				PRODUCT_NAME = "$(TARGET_NAME)";
			};
			name = Debug;
		};
		0CE0603D1C4AFF6C0020DC21 /* Release */ = {
			isa = XCBuildConfiguration;
			buildSettings = {
				ASSETCATALOG_COMPILER_APPICON_NAME = AppIcon;
				INFOPLIST_FILE = JSONLogin/Info.plist;
				LD_RUNPATH_SEARCH_PATHS = "$(inherited) @executable_path/Frameworks";
				PRODUCT_BUNDLE_IDENTIFIER = cl.EmpresasDisruptiva.JSONLogin;
				PRODUCT_NAME = "$(TARGET_NAME)";
			};
			name = Release;
		};
/* End XCBuildConfiguration section */

/* Begin XCConfigurationList section */
		0CE060241C4AFF6B0020DC21 /* Build configuration list for PBXProject "JSONLogin" */ = {
			isa = XCConfigurationList;
			buildConfigurations = (
				0CE060391C4AFF6C0020DC21 /* Debug */,
				0CE0603A1C4AFF6C0020DC21 /* Release */,
			);
			defaultConfigurationIsVisible = 0;
			defaultConfigurationName = Release;
		};
		0CE0603B1C4AFF6C0020DC21 /* Build configuration list for PBXNativeTarget "JSONLogin" */ = {
			isa = XCConfigurationList;
			buildConfigurations = (
				0CE0603C1C4AFF6C0020DC21 /* Debug */,
				0CE0603D1C4AFF6C0020DC21 /* Release */,
			);
			defaultConfigurationIsVisible = 0;
		};
/* End XCConfigurationList section */
	};
	rootObject = 0CE060211C4AFF6B0020DC21 /* Project object */;
}
